// !$*UTF8*$!
{
	archiveVersion = 1;
	classes = {
	};
	objectVersion = 50;
	objects = {

/* Begin PBXBuildFile section */
		8885F95CD5174DED76182C59 /* Pods_iData.framework in Frameworks */ = {isa = PBXBuildFile; fileRef = A3D9C004CA3259899D3F443A /* Pods_iData.framework */; };
		DE20BA4721023DE200FC0508 /* LaunchScreen.storyboard in Resources */ = {isa = PBXBuildFile; fileRef = DE20BA4621023DE200FC0508 /* LaunchScreen.storyboard */; };
		DE4D43A220FE16CC006AC0C8 /* DocDetailCollectionViewCell.swift in Sources */ = {isa = PBXBuildFile; fileRef = DE4D43A120FE16CC006AC0C8 /* DocDetailCollectionViewCell.swift */; };
		DE4D43A420FE1718006AC0C8 /* DocDetailHeaderCollectionReusableView.swift in Sources */ = {isa = PBXBuildFile; fileRef = DE4D43A320FE1718006AC0C8 /* DocDetailHeaderCollectionReusableView.swift */; };
		DE8F714020FDA5AD00D3C0D4 /* AppDelegate.swift in Sources */ = {isa = PBXBuildFile; fileRef = DE8F713F20FDA5AD00D3C0D4 /* AppDelegate.swift */; };
		DE8F714220FDA5AD00D3C0D4 /* MasterViewController.swift in Sources */ = {isa = PBXBuildFile; fileRef = DE8F714120FDA5AD00D3C0D4 /* MasterViewController.swift */; };
		DE8F714720FDA5AD00D3C0D4 /* Main.storyboard in Resources */ = {isa = PBXBuildFile; fileRef = DE8F714520FDA5AD00D3C0D4 /* Main.storyboard */; };
		DE8F714920FDA5AD00D3C0D4 /* Assets.xcassets in Resources */ = {isa = PBXBuildFile; fileRef = DE8F714820FDA5AD00D3C0D4 /* Assets.xcassets */; };
		DE8F715720FDA5AE00D3C0D4 /* iDataTests.swift in Sources */ = {isa = PBXBuildFile; fileRef = DE8F715620FDA5AE00D3C0D4 /* iDataTests.swift */; };
		DE8F716220FDA5AE00D3C0D4 /* iDataUITests.swift in Sources */ = {isa = PBXBuildFile; fileRef = DE8F716120FDA5AE00D3C0D4 /* iDataUITests.swift */; };
		DE8F717520FDB88600D3C0D4 /* Paper.swift in Sources */ = {isa = PBXBuildFile; fileRef = DE8F717120FDB88600D3C0D4 /* Paper.swift */; };
		DE8F717620FDB88600D3C0D4 /* DocDetail.swift in Sources */ = {isa = PBXBuildFile; fileRef = DE8F717220FDB88600D3C0D4 /* DocDetail.swift */; };
		DE8F717720FDB88600D3C0D4 /* Constraint.swift in Sources */ = {isa = PBXBuildFile; fileRef = DE8F717320FDB88600D3C0D4 /* Constraint.swift */; };
		DE8F717820FDB88600D3C0D4 /* DUrl.swift in Sources */ = {isa = PBXBuildFile; fileRef = DE8F717420FDB88600D3C0D4 /* DUrl.swift */; };
		DE8F717A20FDB8E600D3C0D4 /* apiTests.swift in Sources */ = {isa = PBXBuildFile; fileRef = DE8F717920FDB8E600D3C0D4 /* apiTests.swift */; };
		DE8F717C20FDBFD700D3C0D4 /* Search.storyboard in Resources */ = {isa = PBXBuildFile; fileRef = DE8F717B20FDBFD700D3C0D4 /* Search.storyboard */; };
		DE8F717F20FDC01100D3C0D4 /* SearchTableViewController.swift in Sources */ = {isa = PBXBuildFile; fileRef = DE8F717E20FDC01100D3C0D4 /* SearchTableViewController.swift */; };
		DE8F718120FDC41000D3C0D4 /* SearchTableViewCell.swift in Sources */ = {isa = PBXBuildFile; fileRef = DE8F718020FDC41000D3C0D4 /* SearchTableViewCell.swift */; };
		DE9329B72106FA7A005D41C9 /* HelpItem.swift in Sources */ = {isa = PBXBuildFile; fileRef = DE9329B62106FA7A005D41C9 /* HelpItem.swift */; };
		DE9329B9210707C7005D41C9 /* AboutlViewController.swift in Sources */ = {isa = PBXBuildFile; fileRef = DE9329B8210707C7005D41C9 /* AboutlViewController.swift */; };
		DEB15F9921047C740007558E /* DocDetailViewController.swift in Sources */ = {isa = PBXBuildFile; fileRef = DEB15F9821047C740007558E /* DocDetailViewController.swift */; };
		DEB15F9B2104D2430007558E /* iData.png in Resources */ = {isa = PBXBuildFile; fileRef = DEB15F9A2104D2430007558E /* iData.png */; };
		FDF2CDC047FC06CD1DC78699 /* Pods_iDataTests.framework in Frameworks */ = {isa = PBXBuildFile; fileRef = 34353ACBDAA39B153D8F797F /* Pods_iDataTests.framework */; };
		FF4521D4BBDC05ADD227757A /* Pods_iDataUITests.framework in Frameworks */ = {isa = PBXBuildFile; fileRef = 79B776D39CA23B952E86D96E /* Pods_iDataUITests.framework */; };
/* End PBXBuildFile section */

/* Begin PBXContainerItemProxy section */
		DE8F715320FDA5AD00D3C0D4 /* PBXContainerItemProxy */ = {
			isa = PBXContainerItemProxy;
			containerPortal = DE8F713420FDA5AC00D3C0D4 /* Project object */;
			proxyType = 1;
			remoteGlobalIDString = DE8F713B20FDA5AC00D3C0D4;
			remoteInfo = iData;
		};
		DE8F715E20FDA5AE00D3C0D4 /* PBXContainerItemProxy */ = {
			isa = PBXContainerItemProxy;
			containerPortal = DE8F713420FDA5AC00D3C0D4 /* Project object */;
			proxyType = 1;
			remoteGlobalIDString = DE8F713B20FDA5AC00D3C0D4;
			remoteInfo = iData;
		};
/* End PBXContainerItemProxy section */

/* Begin PBXFileReference section */
		0099AD3B5A137FD654524AB9 /* Pods-iData.release.xcconfig */ = {isa = PBXFileReference; includeInIndex = 1; lastKnownFileType = text.xcconfig; name = "Pods-iData.release.xcconfig"; path = "Pods/Target Support Files/Pods-iData/Pods-iData.release.xcconfig"; sourceTree = "<group>"; };
		34353ACBDAA39B153D8F797F /* Pods_iDataTests.framework */ = {isa = PBXFileReference; explicitFileType = wrapper.framework; includeInIndex = 0; path = Pods_iDataTests.framework; sourceTree = BUILT_PRODUCTS_DIR; };
		4359D95E573EB61DF18C38E6 /* Pods-iDataUITests.debug.xcconfig */ = {isa = PBXFileReference; includeInIndex = 1; lastKnownFileType = text.xcconfig; name = "Pods-iDataUITests.debug.xcconfig"; path = "Pods/Target Support Files/Pods-iDataUITests/Pods-iDataUITests.debug.xcconfig"; sourceTree = "<group>"; };
		79B776D39CA23B952E86D96E /* Pods_iDataUITests.framework */ = {isa = PBXFileReference; explicitFileType = wrapper.framework; includeInIndex = 0; path = Pods_iDataUITests.framework; sourceTree = BUILT_PRODUCTS_DIR; };
		853C5A68CFFFDB5FBBCE8741 /* Pods-iData.debug.xcconfig */ = {isa = PBXFileReference; includeInIndex = 1; lastKnownFileType = text.xcconfig; name = "Pods-iData.debug.xcconfig"; path = "Pods/Target Support Files/Pods-iData/Pods-iData.debug.xcconfig"; sourceTree = "<group>"; };
		9695486E6520D34956506056 /* Pods-iDataTests.release.xcconfig */ = {isa = PBXFileReference; includeInIndex = 1; lastKnownFileType = text.xcconfig; name = "Pods-iDataTests.release.xcconfig"; path = "Pods/Target Support Files/Pods-iDataTests/Pods-iDataTests.release.xcconfig"; sourceTree = "<group>"; };
		9FF25BB37C2BD1186D7554EC /* Pods-iDataTests.debug.xcconfig */ = {isa = PBXFileReference; includeInIndex = 1; lastKnownFileType = text.xcconfig; name = "Pods-iDataTests.debug.xcconfig"; path = "Pods/Target Support Files/Pods-iDataTests/Pods-iDataTests.debug.xcconfig"; sourceTree = "<group>"; };
		A3D9C004CA3259899D3F443A /* Pods_iData.framework */ = {isa = PBXFileReference; explicitFileType = wrapper.framework; includeInIndex = 0; path = Pods_iData.framework; sourceTree = BUILT_PRODUCTS_DIR; };
		DE20BA4621023DE200FC0508 /* LaunchScreen.storyboard */ = {isa = PBXFileReference; lastKnownFileType = file.storyboard; path = LaunchScreen.storyboard; sourceTree = "<group>"; };
		DE4D43A120FE16CC006AC0C8 /* DocDetailCollectionViewCell.swift */ = {isa = PBXFileReference; lastKnownFileType = sourcecode.swift; path = DocDetailCollectionViewCell.swift; sourceTree = "<group>"; };
		DE4D43A320FE1718006AC0C8 /* DocDetailHeaderCollectionReusableView.swift */ = {isa = PBXFileReference; lastKnownFileType = sourcecode.swift; path = DocDetailHeaderCollectionReusableView.swift; sourceTree = "<group>"; };
		DE8F713C20FDA5AD00D3C0D4 /* iData.app */ = {isa = PBXFileReference; explicitFileType = wrapper.application; includeInIndex = 0; path = iData.app; sourceTree = BUILT_PRODUCTS_DIR; };
		DE8F713F20FDA5AD00D3C0D4 /* AppDelegate.swift */ = {isa = PBXFileReference; lastKnownFileType = sourcecode.swift; path = AppDelegate.swift; sourceTree = "<group>"; };
		DE8F714120FDA5AD00D3C0D4 /* MasterViewController.swift */ = {isa = PBXFileReference; lastKnownFileType = sourcecode.swift; path = MasterViewController.swift; sourceTree = "<group>"; };
		DE8F714620FDA5AD00D3C0D4 /* Base */ = {isa = PBXFileReference; lastKnownFileType = file.storyboard; name = Base; path = Base.lproj/Main.storyboard; sourceTree = "<group>"; };
		DE8F714820FDA5AD00D3C0D4 /* Assets.xcassets */ = {isa = PBXFileReference; lastKnownFileType = folder.assetcatalog; path = Assets.xcassets; sourceTree = "<group>"; };
		DE8F714D20FDA5AD00D3C0D4 /* Info.plist */ = {isa = PBXFileReference; lastKnownFileType = text.plist.xml; path = Info.plist; sourceTree = "<group>"; };
		DE8F715220FDA5AD00D3C0D4 /* iDataTests.xctest */ = {isa = PBXFileReference; explicitFileType = wrapper.cfbundle; includeInIndex = 0; path = iDataTests.xctest; sourceTree = BUILT_PRODUCTS_DIR; };
		DE8F715620FDA5AE00D3C0D4 /* iDataTests.swift */ = {isa = PBXFileReference; lastKnownFileType = sourcecode.swift; path = iDataTests.swift; sourceTree = "<group>"; };
		DE8F715820FDA5AE00D3C0D4 /* Info.plist */ = {isa = PBXFileReference; lastKnownFileType = text.plist.xml; path = Info.plist; sourceTree = "<group>"; };
		DE8F715D20FDA5AE00D3C0D4 /* iDataUITests.xctest */ = {isa = PBXFileReference; explicitFileType = wrapper.cfbundle; includeInIndex = 0; path = iDataUITests.xctest; sourceTree = BUILT_PRODUCTS_DIR; };
		DE8F716120FDA5AE00D3C0D4 /* iDataUITests.swift */ = {isa = PBXFileReference; lastKnownFileType = sourcecode.swift; path = iDataUITests.swift; sourceTree = "<group>"; };
		DE8F716320FDA5AE00D3C0D4 /* Info.plist */ = {isa = PBXFileReference; lastKnownFileType = text.plist.xml; path = Info.plist; sourceTree = "<group>"; };
		DE8F717120FDB88600D3C0D4 /* Paper.swift */ = {isa = PBXFileReference; fileEncoding = 4; lastKnownFileType = sourcecode.swift; path = Paper.swift; sourceTree = "<group>"; };
		DE8F717220FDB88600D3C0D4 /* DocDetail.swift */ = {isa = PBXFileReference; fileEncoding = 4; lastKnownFileType = sourcecode.swift; path = DocDetail.swift; sourceTree = "<group>"; };
		DE8F717320FDB88600D3C0D4 /* Constraint.swift */ = {isa = PBXFileReference; fileEncoding = 4; lastKnownFileType = sourcecode.swift; path = Constraint.swift; sourceTree = "<group>"; };
		DE8F717420FDB88600D3C0D4 /* DUrl.swift */ = {isa = PBXFileReference; fileEncoding = 4; lastKnownFileType = sourcecode.swift; path = DUrl.swift; sourceTree = "<group>"; };
		DE8F717920FDB8E600D3C0D4 /* apiTests.swift */ = {isa = PBXFileReference; lastKnownFileType = sourcecode.swift; path = apiTests.swift; sourceTree = "<group>"; };
		DE8F717B20FDBFD700D3C0D4 /* Search.storyboard */ = {isa = PBXFileReference; lastKnownFileType = file.storyboard; path = Search.storyboard; sourceTree = "<group>"; };
		DE8F717E20FDC01100D3C0D4 /* SearchTableViewController.swift */ = {isa = PBXFileReference; lastKnownFileType = sourcecode.swift; path = SearchTableViewController.swift; sourceTree = "<group>"; };
		DE8F718020FDC41000D3C0D4 /* SearchTableViewCell.swift */ = {isa = PBXFileReference; lastKnownFileType = sourcecode.swift; path = SearchTableViewCell.swift; sourceTree = "<group>"; };
		DE9329B62106FA7A005D41C9 /* HelpItem.swift */ = {isa = PBXFileReference; lastKnownFileType = sourcecode.swift; path = HelpItem.swift; sourceTree = "<group>"; };
		DE9329B8210707C7005D41C9 /* AboutlViewController.swift */ = {isa = PBXFileReference; fileEncoding = 4; lastKnownFileType = sourcecode.swift; path = AboutlViewController.swift; sourceTree = "<group>"; };
		DEB15F9821047C740007558E /* DocDetailViewController.swift */ = {isa = PBXFileReference; lastKnownFileType = sourcecode.swift; path = DocDetailViewController.swift; sourceTree = "<group>"; };
		DEB15F9A2104D2430007558E /* iData.png */ = {isa = PBXFileReference; lastKnownFileType = image.png; path = iData.png; sourceTree = "<group>"; };
		E67D27BACEC38F191FE55BA0 /* Pods-iDataUITests.release.xcconfig */ = {isa = PBXFileReference; includeInIndex = 1; lastKnownFileType = text.xcconfig; name = "Pods-iDataUITests.release.xcconfig"; path = "Pods/Target Support Files/Pods-iDataUITests/Pods-iDataUITests.release.xcconfig"; sourceTree = "<group>"; };
/* End PBXFileReference section */

/* Begin PBXFrameworksBuildPhase section */
		DE8F713920FDA5AC00D3C0D4 /* Frameworks */ = {
			isa = PBXFrameworksBuildPhase;
			buildActionMask = 2147483647;
			files = (
				8885F95CD5174DED76182C59 /* Pods_iData.framework in Frameworks */,
			);
			runOnlyForDeploymentPostprocessing = 0;
		};
		DE8F714F20FDA5AD00D3C0D4 /* Frameworks */ = {
			isa = PBXFrameworksBuildPhase;
			buildActionMask = 2147483647;
			files = (
				FDF2CDC047FC06CD1DC78699 /* Pods_iDataTests.framework in Frameworks */,
			);
			runOnlyForDeploymentPostprocessing = 0;
		};
		DE8F715A20FDA5AE00D3C0D4 /* Frameworks */ = {
			isa = PBXFrameworksBuildPhase;
			buildActionMask = 2147483647;
			files = (
				FF4521D4BBDC05ADD227757A /* Pods_iDataUITests.framework in Frameworks */,
			);
			runOnlyForDeploymentPostprocessing = 0;
		};
/* End PBXFrameworksBuildPhase section */

/* Begin PBXGroup section */
		D4FD52AF8DF6E05960476D55 /* Frameworks */ = {
			isa = PBXGroup;
			children = (
				A3D9C004CA3259899D3F443A /* Pods_iData.framework */,
				34353ACBDAA39B153D8F797F /* Pods_iDataTests.framework */,
				79B776D39CA23B952E86D96E /* Pods_iDataUITests.framework */,
			);
			name = Frameworks;
			sourceTree = "<group>";
		};
		DE20BA4421023DBB00FC0508 /* ViewController */ = {
			isa = PBXGroup;
			children = (
				DE9329B8210707C7005D41C9 /* AboutlViewController.swift */,
				DE8F714120FDA5AD00D3C0D4 /* MasterViewController.swift */,
			);
			path = ViewController;
			sourceTree = "<group>";
		};
		DE20BA4521023DC500FC0508 /* Main */ = {
			isa = PBXGroup;
			children = (
				DE8F714520FDA5AD00D3C0D4 /* Main.storyboard */,
				DE9329B32106F960005D41C9 /* Model */,
				DE20BA4421023DBB00FC0508 /* ViewController */,
			);
			path = Main;
			sourceTree = "<group>";
		};
		DE4D439F20FE1682006AC0C8 /* Controller */ = {
			isa = PBXGroup;
			children = (
				DE8F717E20FDC01100D3C0D4 /* SearchTableViewController.swift */,
				DEB15F9821047C740007558E /* DocDetailViewController.swift */,
			);
			path = Controller;
			sourceTree = "<group>";
		};
		DE4D43A020FE168A006AC0C8 /* View */ = {
			isa = PBXGroup;
			children = (
				DE8F718020FDC41000D3C0D4 /* SearchTableViewCell.swift */,
				DE4D43A120FE16CC006AC0C8 /* DocDetailCollectionViewCell.swift */,
				DE4D43A320FE1718006AC0C8 /* DocDetailHeaderCollectionReusableView.swift */,
			);
			path = View;
			sourceTree = "<group>";
		};
		DE8F713320FDA5AC00D3C0D4 = {
			isa = PBXGroup;
			children = (
				DE8F713E20FDA5AD00D3C0D4 /* iData */,
				DE8F715520FDA5AE00D3C0D4 /* iDataTests */,
				DE8F716020FDA5AE00D3C0D4 /* iDataUITests */,
				DE8F713D20FDA5AD00D3C0D4 /* Products */,
				F42F43149A67328EC44F91A9 /* Pods */,
				D4FD52AF8DF6E05960476D55 /* Frameworks */,
			);
			sourceTree = "<group>";
		};
		DE8F713D20FDA5AD00D3C0D4 /* Products */ = {
			isa = PBXGroup;
			children = (
				DE8F713C20FDA5AD00D3C0D4 /* iData.app */,
				DE8F715220FDA5AD00D3C0D4 /* iDataTests.xctest */,
				DE8F715D20FDA5AE00D3C0D4 /* iDataUITests.xctest */,
			);
			name = Products;
			sourceTree = "<group>";
		};
		DE8F713E20FDA5AD00D3C0D4 /* iData */ = {
			isa = PBXGroup;
			children = (
				DEB15F9A2104D2430007558E /* iData.png */,
				DE20BA4521023DC500FC0508 /* Main */,
				DE8F717D20FDBFF200D3C0D4 /* Search */,
				DE8F714820FDA5AD00D3C0D4 /* Assets.xcassets */,
				DE8F714D20FDA5AD00D3C0D4 /* Info.plist */,
				DE20BA4621023DE200FC0508 /* LaunchScreen.storyboard */,
				DE8F713F20FDA5AD00D3C0D4 /* AppDelegate.swift */,
			);
			path = iData;
			sourceTree = "<group>";
		};
		DE8F715520FDA5AE00D3C0D4 /* iDataTests */ = {
			isa = PBXGroup;
			children = (
				DE8F715620FDA5AE00D3C0D4 /* iDataTests.swift */,
				DE8F715820FDA5AE00D3C0D4 /* Info.plist */,
				DE8F717920FDB8E600D3C0D4 /* apiTests.swift */,
			);
			path = iDataTests;
			sourceTree = "<group>";
		};
		DE8F716020FDA5AE00D3C0D4 /* iDataUITests */ = {
			isa = PBXGroup;
			children = (
				DE8F716120FDA5AE00D3C0D4 /* iDataUITests.swift */,
				DE8F716320FDA5AE00D3C0D4 /* Info.plist */,
			);
			path = iDataUITests;
			sourceTree = "<group>";
		};
		DE8F717020FDB88600D3C0D4 /* Model */ = {
			isa = PBXGroup;
			children = (
				DE8F717120FDB88600D3C0D4 /* Paper.swift */,
				DE8F717220FDB88600D3C0D4 /* DocDetail.swift */,
				DE8F717320FDB88600D3C0D4 /* Constraint.swift */,
				DE8F717420FDB88600D3C0D4 /* DUrl.swift */,
			);
			path = Model;
			sourceTree = "<group>";
		};
		DE8F717D20FDBFF200D3C0D4 /* Search */ = {
			isa = PBXGroup;
			children = (
				DE8F717B20FDBFD700D3C0D4 /* Search.storyboard */,
				DE8F717020FDB88600D3C0D4 /* Model */,
				DE4D43A020FE168A006AC0C8 /* View */,
				DE4D439F20FE1682006AC0C8 /* Controller */,
			);
			path = Search;
			sourceTree = "<group>";
		};
		DE9329B32106F960005D41C9 /* Model */ = {
			isa = PBXGroup;
			children = (
				DE9329B62106FA7A005D41C9 /* HelpItem.swift */,
			);
			path = Model;
			sourceTree = "<group>";
		};
		F42F43149A67328EC44F91A9 /* Pods */ = {
			isa = PBXGroup;
			children = (
				853C5A68CFFFDB5FBBCE8741 /* Pods-iData.debug.xcconfig */,
				0099AD3B5A137FD654524AB9 /* Pods-iData.release.xcconfig */,
				9FF25BB37C2BD1186D7554EC /* Pods-iDataTests.debug.xcconfig */,
				9695486E6520D34956506056 /* Pods-iDataTests.release.xcconfig */,
				4359D95E573EB61DF18C38E6 /* Pods-iDataUITests.debug.xcconfig */,
				E67D27BACEC38F191FE55BA0 /* Pods-iDataUITests.release.xcconfig */,
			);
			name = Pods;
			sourceTree = "<group>";
		};
/* End PBXGroup section */

/* Begin PBXNativeTarget section */
		DE8F713B20FDA5AC00D3C0D4 /* iData */ = {
			isa = PBXNativeTarget;
			buildConfigurationList = DE8F716620FDA5AE00D3C0D4 /* Build configuration list for PBXNativeTarget "iData" */;
			buildPhases = (
				47609E88F4E788EFC6E38F47 /* [CP] Check Pods Manifest.lock */,
				DE8F713820FDA5AC00D3C0D4 /* Sources */,
				DE8F713920FDA5AC00D3C0D4 /* Frameworks */,
				DE8F713A20FDA5AC00D3C0D4 /* Resources */,
				12E3C321ADDE281459A832CB /* [CP] Embed Pods Frameworks */,
				DE9329BA21071822005D41C9 /* ShellScript */,
			);
			buildRules = (
			);
			dependencies = (
			);
			name = iData;
			productName = iData;
			productReference = DE8F713C20FDA5AD00D3C0D4 /* iData.app */;
			productType = "com.apple.product-type.application";
		};
		DE8F715120FDA5AD00D3C0D4 /* iDataTests */ = {
			isa = PBXNativeTarget;
			buildConfigurationList = DE8F716920FDA5AE00D3C0D4 /* Build configuration list for PBXNativeTarget "iDataTests" */;
			buildPhases = (
				B2AA1A1D463AF202001C302D /* [CP] Check Pods Manifest.lock */,
				DE8F714E20FDA5AD00D3C0D4 /* Sources */,
				DE8F714F20FDA5AD00D3C0D4 /* Frameworks */,
				DE8F715020FDA5AD00D3C0D4 /* Resources */,
			);
			buildRules = (
			);
			dependencies = (
				DE8F715420FDA5AD00D3C0D4 /* PBXTargetDependency */,
			);
			name = iDataTests;
			productName = iDataTests;
			productReference = DE8F715220FDA5AD00D3C0D4 /* iDataTests.xctest */;
			productType = "com.apple.product-type.bundle.unit-test";
		};
		DE8F715C20FDA5AE00D3C0D4 /* iDataUITests */ = {
			isa = PBXNativeTarget;
			buildConfigurationList = DE8F716C20FDA5AE00D3C0D4 /* Build configuration list for PBXNativeTarget "iDataUITests" */;
			buildPhases = (
				D3AC2E0EE0CC3D0D24559B0E /* [CP] Check Pods Manifest.lock */,
				DE8F715920FDA5AE00D3C0D4 /* Sources */,
				DE8F715A20FDA5AE00D3C0D4 /* Frameworks */,
				DE8F715B20FDA5AE00D3C0D4 /* Resources */,
			);
			buildRules = (
			);
			dependencies = (
				DE8F715F20FDA5AE00D3C0D4 /* PBXTargetDependency */,
			);
			name = iDataUITests;
			productName = iDataUITests;
			productReference = DE8F715D20FDA5AE00D3C0D4 /* iDataUITests.xctest */;
			productType = "com.apple.product-type.bundle.ui-testing";
		};
/* End PBXNativeTarget section */

/* Begin PBXProject section */
		DE8F713420FDA5AC00D3C0D4 /* Project object */ = {
			isa = PBXProject;
			attributes = {
				LastSwiftUpdateCheck = 0940;
				LastUpgradeCheck = 0940;
				ORGANIZATIONNAME = iOSDevLog;
				TargetAttributes = {
					DE8F713B20FDA5AC00D3C0D4 = {
						CreatedOnToolsVersion = 9.4.1;
					};
					DE8F715120FDA5AD00D3C0D4 = {
						CreatedOnToolsVersion = 9.4.1;
						TestTargetID = DE8F713B20FDA5AC00D3C0D4;
					};
					DE8F715C20FDA5AE00D3C0D4 = {
						CreatedOnToolsVersion = 9.4.1;
						TestTargetID = DE8F713B20FDA5AC00D3C0D4;
					};
				};
			};
			buildConfigurationList = DE8F713720FDA5AC00D3C0D4 /* Build configuration list for PBXProject "iData" */;
			compatibilityVersion = "Xcode 9.3";
			developmentRegion = en;
			hasScannedForEncodings = 0;
			knownRegions = (
				en,
				Base,
			);
			mainGroup = DE8F713320FDA5AC00D3C0D4;
			productRefGroup = DE8F713D20FDA5AD00D3C0D4 /* Products */;
			projectDirPath = "";
			projectRoot = "";
			targets = (
				DE8F713B20FDA5AC00D3C0D4 /* iData */,
				DE8F715120FDA5AD00D3C0D4 /* iDataTests */,
				DE8F715C20FDA5AE00D3C0D4 /* iDataUITests */,
			);
		};
/* End PBXProject section */

/* Begin PBXResourcesBuildPhase section */
		DE8F713A20FDA5AC00D3C0D4 /* Resources */ = {
			isa = PBXResourcesBuildPhase;
			buildActionMask = 2147483647;
			files = (
				DE8F714920FDA5AD00D3C0D4 /* Assets.xcassets in Resources */,
				DE20BA4721023DE200FC0508 /* LaunchScreen.storyboard in Resources */,
				DE8F717C20FDBFD700D3C0D4 /* Search.storyboard in Resources */,
				DEB15F9B2104D2430007558E /* iData.png in Resources */,
				DE8F714720FDA5AD00D3C0D4 /* Main.storyboard in Resources */,
			);
			runOnlyForDeploymentPostprocessing = 0;
		};
		DE8F715020FDA5AD00D3C0D4 /* Resources */ = {
			isa = PBXResourcesBuildPhase;
			buildActionMask = 2147483647;
			files = (
			);
			runOnlyForDeploymentPostprocessing = 0;
		};
		DE8F715B20FDA5AE00D3C0D4 /* Resources */ = {
			isa = PBXResourcesBuildPhase;
			buildActionMask = 2147483647;
			files = (
			);
			runOnlyForDeploymentPostprocessing = 0;
		};
/* End PBXResourcesBuildPhase section */

/* Begin PBXShellScriptBuildPhase section */
		12E3C321ADDE281459A832CB /* [CP] Embed Pods Frameworks */ = {
			isa = PBXShellScriptBuildPhase;
			buildActionMask = 2147483647;
			files = (
			);
			inputPaths = (
				"${SRCROOT}/Pods/Target Support Files/Pods-iData/Pods-iData-frameworks.sh",
				"${BUILT_PRODUCTS_DIR}/Alamofire/Alamofire.framework",
				"${BUILT_PRODUCTS_DIR}/DownloadButton/DownloadButton.framework",
				"${BUILT_PRODUCTS_DIR}/MBProgressHUD/MBProgressHUD.framework",
				"${BUILT_PRODUCTS_DIR}/UICollectionViewLeftAlignedLayout/UICollectionViewLeftAlignedLayout.framework",
			);
			name = "[CP] Embed Pods Frameworks";
			outputPaths = (
				"${TARGET_BUILD_DIR}/${FRAMEWORKS_FOLDER_PATH}/Alamofire.framework",
				"${TARGET_BUILD_DIR}/${FRAMEWORKS_FOLDER_PATH}/DownloadButton.framework",
				"${TARGET_BUILD_DIR}/${FRAMEWORKS_FOLDER_PATH}/MBProgressHUD.framework",
				"${TARGET_BUILD_DIR}/${FRAMEWORKS_FOLDER_PATH}/UICollectionViewLeftAlignedLayout.framework",
			);
			runOnlyForDeploymentPostprocessing = 0;
			shellPath = /bin/sh;
			shellScript = "\"${SRCROOT}/Pods/Target Support Files/Pods-iData/Pods-iData-frameworks.sh\"\n";
			showEnvVarsInLog = 0;
		};
		47609E88F4E788EFC6E38F47 /* [CP] Check Pods Manifest.lock */ = {
			isa = PBXShellScriptBuildPhase;
			buildActionMask = 2147483647;
			files = (
			);
			inputPaths = (
				"${PODS_PODFILE_DIR_PATH}/Podfile.lock",
				"${PODS_ROOT}/Manifest.lock",
			);
			name = "[CP] Check Pods Manifest.lock";
			outputPaths = (
				"$(DERIVED_FILE_DIR)/Pods-iData-checkManifestLockResult.txt",
			);
			runOnlyForDeploymentPostprocessing = 0;
			shellPath = /bin/sh;
			shellScript = "diff \"${PODS_PODFILE_DIR_PATH}/Podfile.lock\" \"${PODS_ROOT}/Manifest.lock\" > /dev/null\nif [ $? != 0 ] ; then\n    # print error to STDERR\n    echo \"error: The sandbox is not in sync with the Podfile.lock. Run 'pod install' or update your CocoaPods installation.\" >&2\n    exit 1\nfi\n# This output is used by Xcode 'outputs' to avoid re-running this script phase.\necho \"SUCCESS\" > \"${SCRIPT_OUTPUT_FILE_0}\"\n";
			showEnvVarsInLog = 0;
		};
		B2AA1A1D463AF202001C302D /* [CP] Check Pods Manifest.lock */ = {
			isa = PBXShellScriptBuildPhase;
			buildActionMask = 2147483647;
			files = (
			);
			inputPaths = (
				"${PODS_PODFILE_DIR_PATH}/Podfile.lock",
				"${PODS_ROOT}/Manifest.lock",
			);
			name = "[CP] Check Pods Manifest.lock";
			outputPaths = (
				"$(DERIVED_FILE_DIR)/Pods-iDataTests-checkManifestLockResult.txt",
			);
			runOnlyForDeploymentPostprocessing = 0;
			shellPath = /bin/sh;
			shellScript = "diff \"${PODS_PODFILE_DIR_PATH}/Podfile.lock\" \"${PODS_ROOT}/Manifest.lock\" > /dev/null\nif [ $? != 0 ] ; then\n    # print error to STDERR\n    echo \"error: The sandbox is not in sync with the Podfile.lock. Run 'pod install' or update your CocoaPods installation.\" >&2\n    exit 1\nfi\n# This output is used by Xcode 'outputs' to avoid re-running this script phase.\necho \"SUCCESS\" > \"${SCRIPT_OUTPUT_FILE_0}\"\n";
			showEnvVarsInLog = 0;
		};
		D3AC2E0EE0CC3D0D24559B0E /* [CP] Check Pods Manifest.lock */ = {
			isa = PBXShellScriptBuildPhase;
			buildActionMask = 2147483647;
			files = (
			);
			inputPaths = (
				"${PODS_PODFILE_DIR_PATH}/Podfile.lock",
				"${PODS_ROOT}/Manifest.lock",
			);
			name = "[CP] Check Pods Manifest.lock";
			outputPaths = (
				"$(DERIVED_FILE_DIR)/Pods-iDataUITests-checkManifestLockResult.txt",
			);
			runOnlyForDeploymentPostprocessing = 0;
			shellPath = /bin/sh;
			shellScript = "diff \"${PODS_PODFILE_DIR_PATH}/Podfile.lock\" \"${PODS_ROOT}/Manifest.lock\" > /dev/null\nif [ $? != 0 ] ; then\n    # print error to STDERR\n    echo \"error: The sandbox is not in sync with the Podfile.lock. Run 'pod install' or update your CocoaPods installation.\" >&2\n    exit 1\nfi\n# This output is used by Xcode 'outputs' to avoid re-running this script phase.\necho \"SUCCESS\" > \"${SCRIPT_OUTPUT_FILE_0}\"\n";
			showEnvVarsInLog = 0;
		};
		DE9329BA21071822005D41C9 /* ShellScript */ = {
			isa = PBXShellScriptBuildPhase;
			buildActionMask = 2147483647;
			files = (
			);
			inputPaths = (
			);
			outputPaths = (
			);
			runOnlyForDeploymentPostprocessing = 0;
			shellPath = /bin/sh;
			shellScript = "REV=`date +%Y.%m.%d.%H.%M.%S`\n/usr/libexec/PlistBuddy -c \"Set :CFBundleVersion ${REV}\" \"${TARGET_BUILD_DIR}\"/${INFOPLIST_PATH}";
		};
/* End PBXShellScriptBuildPhase section */

/* Begin PBXSourcesBuildPhase section */
		DE8F713820FDA5AC00D3C0D4 /* Sources */ = {
			isa = PBXSourcesBuildPhase;
			buildActionMask = 2147483647;
			files = (
				DE9329B9210707C7005D41C9 /* AboutlViewController.swift in Sources */,
				DE4D43A220FE16CC006AC0C8 /* DocDetailCollectionViewCell.swift in Sources */,
				DEB15F9921047C740007558E /* DocDetailViewController.swift in Sources */,
				DE8F718120FDC41000D3C0D4 /* SearchTableViewCell.swift in Sources */,
				DE8F717720FDB88600D3C0D4 /* Constraint.swift in Sources */,
				DE8F717620FDB88600D3C0D4 /* DocDetail.swift in Sources */,
				DE8F717820FDB88600D3C0D4 /* DUrl.swift in Sources */,
				DE8F714220FDA5AD00D3C0D4 /* MasterViewController.swift in Sources */,
				DE4D43A420FE1718006AC0C8 /* DocDetailHeaderCollectionReusableView.swift in Sources */,
				DE9329B72106FA7A005D41C9 /* HelpItem.swift in Sources */,
				DE8F717520FDB88600D3C0D4 /* Paper.swift in Sources */,
				DE8F714020FDA5AD00D3C0D4 /* AppDelegate.swift in Sources */,
				DE8F717F20FDC01100D3C0D4 /* SearchTableViewController.swift in Sources */,
			);
			runOnlyForDeploymentPostprocessing = 0;
		};
		DE8F714E20FDA5AD00D3C0D4 /* Sources */ = {
			isa = PBXSourcesBuildPhase;
			buildActionMask = 2147483647;
			files = (
				DE8F717A20FDB8E600D3C0D4 /* apiTests.swift in Sources */,
				DE8F715720FDA5AE00D3C0D4 /* iDataTests.swift in Sources */,
			);
			runOnlyForDeploymentPostprocessing = 0;
		};
		DE8F715920FDA5AE00D3C0D4 /* Sources */ = {
			isa = PBXSourcesBuildPhase;
			buildActionMask = 2147483647;
			files = (
				DE8F716220FDA5AE00D3C0D4 /* iDataUITests.swift in Sources */,
			);
			runOnlyForDeploymentPostprocessing = 0;
		};
/* End PBXSourcesBuildPhase section */

/* Begin PBXTargetDependency section */
		DE8F715420FDA5AD00D3C0D4 /* PBXTargetDependency */ = {
			isa = PBXTargetDependency;
			target = DE8F713B20FDA5AC00D3C0D4 /* iData */;
			targetProxy = DE8F715320FDA5AD00D3C0D4 /* PBXContainerItemProxy */;
		};
		DE8F715F20FDA5AE00D3C0D4 /* PBXTargetDependency */ = {
			isa = PBXTargetDependency;
			target = DE8F713B20FDA5AC00D3C0D4 /* iData */;
			targetProxy = DE8F715E20FDA5AE00D3C0D4 /* PBXContainerItemProxy */;
		};
/* End PBXTargetDependency section */

/* Begin PBXVariantGroup section */
		DE8F714520FDA5AD00D3C0D4 /* Main.storyboard */ = {
			isa = PBXVariantGroup;
			children = (
				DE8F714620FDA5AD00D3C0D4 /* Base */,
			);
			name = Main.storyboard;
			sourceTree = "<group>";
		};
/* End PBXVariantGroup section */

/* Begin XCBuildConfiguration section */
		DE8F716420FDA5AE00D3C0D4 /* Debug */ = {
			isa = XCBuildConfiguration;
			buildSettings = {
				ALWAYS_SEARCH_USER_PATHS = NO;
				CLANG_ANALYZER_NONNULL = YES;
				CLANG_ANALYZER_NUMBER_OBJECT_CONVERSION = YES_AGGRESSIVE;
				CLANG_CXX_LANGUAGE_STANDARD = "gnu++14";
				CLANG_CXX_LIBRARY = "libc++";
				CLANG_ENABLE_MODULES = YES;
				CLANG_ENABLE_OBJC_ARC = YES;
				CLANG_ENABLE_OBJC_WEAK = YES;
				CLANG_WARN_BLOCK_CAPTURE_AUTORELEASING = YES;
				CLANG_WARN_BOOL_CONVERSION = YES;
				CLANG_WARN_COMMA = YES;
				CLANG_WARN_CONSTANT_CONVERSION = YES;
				CLANG_WARN_DEPRECATED_OBJC_IMPLEMENTATIONS = YES;
				CLANG_WARN_DIRECT_OBJC_ISA_USAGE = YES_ERROR;
				CLANG_WARN_DOCUMENTATION_COMMENTS = YES;
				CLANG_WARN_EMPTY_BODY = YES;
				CLANG_WARN_ENUM_CONVERSION = YES;
				CLANG_WARN_INFINITE_RECURSION = YES;
				CLANG_WARN_INT_CONVERSION = YES;
				CLANG_WARN_NON_LITERAL_NULL_CONVERSION = YES;
				CLANG_WARN_OBJC_IMPLICIT_RETAIN_SELF = YES;
				CLANG_WARN_OBJC_LITERAL_CONVERSION = YES;
				CLANG_WARN_OBJC_ROOT_CLASS = YES_ERROR;
				CLANG_WARN_RANGE_LOOP_ANALYSIS = YES;
				CLANG_WARN_STRICT_PROTOTYPES = YES;
				CLANG_WARN_SUSPICIOUS_MOVE = YES;
				CLANG_WARN_UNGUARDED_AVAILABILITY = YES_AGGRESSIVE;
				CLANG_WARN_UNREACHABLE_CODE = YES;
				CLANG_WARN__DUPLICATE_METHOD_MATCH = YES;
				CODE_SIGN_IDENTITY = "iPhone Developer";
				COPY_PHASE_STRIP = NO;
				DEBUG_INFORMATION_FORMAT = dwarf;
				ENABLE_STRICT_OBJC_MSGSEND = YES;
				ENABLE_TESTABILITY = YES;
				FRAMEWORK_SEARCH_PATHS = "";
				GCC_C_LANGUAGE_STANDARD = gnu11;
				GCC_DYNAMIC_NO_PIC = NO;
				GCC_NO_COMMON_BLOCKS = YES;
				GCC_OPTIMIZATION_LEVEL = 0;
				GCC_PREPROCESSOR_DEFINITIONS = (
					"DEBUG=1",
					"$(inherited)",
				);
				GCC_WARN_64_TO_32_BIT_CONVERSION = YES;
				GCC_WARN_ABOUT_RETURN_TYPE = YES_ERROR;
				GCC_WARN_UNDECLARED_SELECTOR = YES;
				GCC_WARN_UNINITIALIZED_AUTOS = YES_AGGRESSIVE;
				GCC_WARN_UNUSED_FUNCTION = YES;
				GCC_WARN_UNUSED_VARIABLE = YES;
				IPHONEOS_DEPLOYMENT_TARGET = 11.0;
				MTL_ENABLE_DEBUG_INFO = YES;
				ONLY_ACTIVE_ARCH = YES;
				SDKROOT = iphoneos;
				SWIFT_ACTIVE_COMPILATION_CONDITIONS = DEBUG;
				SWIFT_OPTIMIZATION_LEVEL = "-Onone";
			};
			name = Debug;
		};
		DE8F716520FDA5AE00D3C0D4 /* Release */ = {
			isa = XCBuildConfiguration;
			buildSettings = {
				ALWAYS_SEARCH_USER_PATHS = NO;
				CLANG_ANALYZER_NONNULL = YES;
				CLANG_ANALYZER_NUMBER_OBJECT_CONVERSION = YES_AGGRESSIVE;
				CLANG_CXX_LANGUAGE_STANDARD = "gnu++14";
				CLANG_CXX_LIBRARY = "libc++";
				CLANG_ENABLE_MODULES = YES;
				CLANG_ENABLE_OBJC_ARC = YES;
				CLANG_ENABLE_OBJC_WEAK = YES;
				CLANG_WARN_BLOCK_CAPTURE_AUTORELEASING = YES;
				CLANG_WARN_BOOL_CONVERSION = YES;
				CLANG_WARN_COMMA = YES;
				CLANG_WARN_CONSTANT_CONVERSION = YES;
				CLANG_WARN_DEPRECATED_OBJC_IMPLEMENTATIONS = YES;
				CLANG_WARN_DIRECT_OBJC_ISA_USAGE = YES_ERROR;
				CLANG_WARN_DOCUMENTATION_COMMENTS = YES;
				CLANG_WARN_EMPTY_BODY = YES;
				CLANG_WARN_ENUM_CONVERSION = YES;
				CLANG_WARN_INFINITE_RECURSION = YES;
				CLANG_WARN_INT_CONVERSION = YES;
				CLANG_WARN_NON_LITERAL_NULL_CONVERSION = YES;
				CLANG_WARN_OBJC_IMPLICIT_RETAIN_SELF = YES;
				CLANG_WARN_OBJC_LITERAL_CONVERSION = YES;
				CLANG_WARN_OBJC_ROOT_CLASS = YES_ERROR;
				CLANG_WARN_RANGE_LOOP_ANALYSIS = YES;
				CLANG_WARN_STRICT_PROTOTYPES = YES;
				CLANG_WARN_SUSPICIOUS_MOVE = YES;
				CLANG_WARN_UNGUARDED_AVAILABILITY = YES_AGGRESSIVE;
				CLANG_WARN_UNREACHABLE_CODE = YES;
				CLANG_WARN__DUPLICATE_METHOD_MATCH = YES;
				CODE_SIGN_IDENTITY = "iPhone Developer";
				COPY_PHASE_STRIP = NO;
				DEBUG_INFORMATION_FORMAT = "dwarf-with-dsym";
				ENABLE_NS_ASSERTIONS = NO;
				ENABLE_STRICT_OBJC_MSGSEND = YES;
				FRAMEWORK_SEARCH_PATHS = "";
				GCC_C_LANGUAGE_STANDARD = gnu11;
				GCC_NO_COMMON_BLOCKS = YES;
				GCC_WARN_64_TO_32_BIT_CONVERSION = YES;
				GCC_WARN_ABOUT_RETURN_TYPE = YES_ERROR;
				GCC_WARN_UNDECLARED_SELECTOR = YES;
				GCC_WARN_UNINITIALIZED_AUTOS = YES_AGGRESSIVE;
				GCC_WARN_UNUSED_FUNCTION = YES;
				GCC_WARN_UNUSED_VARIABLE = YES;
				IPHONEOS_DEPLOYMENT_TARGET = 11.0;
				MTL_ENABLE_DEBUG_INFO = NO;
				SDKROOT = iphoneos;
				SWIFT_COMPILATION_MODE = wholemodule;
				SWIFT_OPTIMIZATION_LEVEL = "-O";
				VALIDATE_PRODUCT = YES;
			};
			name = Release;
		};
		DE8F716720FDA5AE00D3C0D4 /* Debug */ = {
			isa = XCBuildConfiguration;
			baseConfigurationReference = 853C5A68CFFFDB5FBBCE8741 /* Pods-iData.debug.xcconfig */;
			buildSettings = {
				ASSETCATALOG_COMPILER_APPICON_NAME = AppIcon;
				CODE_SIGN_STYLE = Automatic;
				DEVELOPMENT_TEAM = "";
				INFOPLIST_FILE = iData/Info.plist;
				IPHONEOS_DEPLOYMENT_TARGET = 9.0;
				LD_RUNPATH_SEARCH_PATHS = (
					"$(inherited)",
					"@executable_path/Frameworks",
					"$(FRAMEWORK_SEARCH_PATHS)",
				);
				PRODUCT_BUNDLE_IDENTIFIER = com.iosdevlog.iData;
				PRODUCT_NAME = "$(TARGET_NAME)";
				SWIFT_VERSION = 4.0;
				TARGETED_DEVICE_FAMILY = "1,2";
			};
			name = Debug;
		};
		DE8F716820FDA5AE00D3C0D4 /* Release */ = {
			isa = XCBuildConfiguration;
			baseConfigurationReference = 0099AD3B5A137FD654524AB9 /* Pods-iData.release.xcconfig */;
			buildSettings = {
				ASSETCATALOG_COMPILER_APPICON_NAME = AppIcon;
				CODE_SIGN_STYLE = Automatic;
				DEVELOPMENT_TEAM = "";
				INFOPLIST_FILE = iData/Info.plist;
				IPHONEOS_DEPLOYMENT_TARGET = 9.0;
				LD_RUNPATH_SEARCH_PATHS = (
					"$(inherited)",
					"@executable_path/Frameworks",
					"$(FRAMEWORK_SEARCH_PATHS)",
				);
				PRODUCT_BUNDLE_IDENTIFIER = com.iosdevlog.iData;
				PRODUCT_NAME = "$(TARGET_NAME)";
				SWIFT_VERSION = 4.0;
				TARGETED_DEVICE_FAMILY = "1,2";
			};
			name = Release;
		};
		DE8F716A20FDA5AE00D3C0D4 /* Debug */ = {
			isa = XCBuildConfiguration;
			baseConfigurationReference = 9FF25BB37C2BD1186D7554EC /* Pods-iDataTests.debug.xcconfig */;
			buildSettings = {
				ALWAYS_EMBED_SWIFT_STANDARD_LIBRARIES = YES;
				BUNDLE_LOADER = "$(TEST_HOST)";
				CODE_SIGN_STYLE = Automatic;
				DEVELOPMENT_TEAM = J8W3A83N2L;
				INFOPLIST_FILE = iDataTests/Info.plist;
				LD_RUNPATH_SEARCH_PATHS = (
					"$(inherited)",
					"@executable_path/Frameworks",
					"@loader_path/Frameworks",
				);
				PRODUCT_BUNDLE_IDENTIFIER = com.iosdevlog.iDataTests;
				PRODUCT_NAME = "$(TARGET_NAME)";
				SWIFT_VERSION = 4.0;
				TARGETED_DEVICE_FAMILY = "1,2";
				TEST_HOST = "$(BUILT_PRODUCTS_DIR)/iData.app/iData";
			};
			name = Debug;
		};
		DE8F716B20FDA5AE00D3C0D4 /* Release */ = {
			isa = XCBuildConfiguration;
			baseConfigurationReference = 9695486E6520D34956506056 /* Pods-iDataTests.release.xcconfig */;
			buildSettings = {
				ALWAYS_EMBED_SWIFT_STANDARD_LIBRARIES = YES;
				BUNDLE_LOADER = "$(TEST_HOST)";
				CODE_SIGN_STYLE = Automatic;
				DEVELOPMENT_TEAM = J8W3A83N2L;
				INFOPLIST_FILE = iDataTests/Info.plist;
				LD_RUNPATH_SEARCH_PATHS = (
					"$(inherited)",
					"@executable_path/Frameworks",
					"@loader_path/Frameworks",
				);
				PRODUCT_BUNDLE_IDENTIFIER = com.iosdevlog.iDataTests;
				PRODUCT_NAME = "$(TARGET_NAME)";
				SWIFT_VERSION = 4.0;
				TARGETED_DEVICE_FAMILY = "1,2";
				TEST_HOST = "$(BUILT_PRODUCTS_DIR)/iData.app/iData";
			};
			name = Release;
		};
		DE8F716D20FDA5AE00D3C0D4 /* Debug */ = {
			isa = XCBuildConfiguration;
			baseConfigurationReference = 4359D95E573EB61DF18C38E6 /* Pods-iDataUITests.debug.xcconfig */;
			buildSettings = {
				ALWAYS_EMBED_SWIFT_STANDARD_LIBRARIES = YES;
				CODE_SIGN_STYLE = Automatic;
				DEVELOPMENT_TEAM = J8W3A83N2L;
				INFOPLIST_FILE = iDataUITests/Info.plist;
				LD_RUNPATH_SEARCH_PATHS = (
					"$(inherited)",
					"@executable_path/Frameworks",
					"@loader_path/Frameworks",
				);
				PRODUCT_BUNDLE_IDENTIFIER = com.iosdevlog.iDataUITests;
				PRODUCT_NAME = "$(TARGET_NAME)";
				SWIFT_VERSION = 4.0;
				TARGETED_DEVICE_FAMILY = "1,2";
				TEST_TARGET_NAME = iData;
			};
			name = Debug;
		};
		DE8F716E20FDA5AE00D3C0D4 /* Release */ = {
			isa = XCBuildConfiguration;
			baseConfigurationReference = E67D27BACEC38F191FE55BA0 /* Pods-iDataUITests.release.xcconfig */;
			buildSettings = {
				ALWAYS_EMBED_SWIFT_STANDARD_LIBRARIES = YES;
				CODE_SIGN_STYLE = Automatic;
				DEVELOPMENT_TEAM = J8W3A83N2L;
				INFOPLIST_FILE = iDataUITests/Info.plist;
				LD_RUNPATH_SEARCH_PATHS = (
					"$(inherited)",
					"@executable_path/Frameworks",
					"@loader_path/Frameworks",
				);
				PRODUCT_BUNDLE_IDENTIFIER = com.iosdevlog.iDataUITests;
				PRODUCT_NAME = "$(TARGET_NAME)";
				SWIFT_VERSION = 4.0;
				TARGETED_DEVICE_FAMILY = "1,2";
				TEST_TARGET_NAME = iData;
			};
			name = Release;
		};
/* End XCBuildConfiguration section */

/* Begin XCConfigurationList section */
		DE8F713720FDA5AC00D3C0D4 /* Build configuration list for PBXProject "iData" */ = {
			isa = XCConfigurationList;
			buildConfigurations = (
				DE8F716420FDA5AE00D3C0D4 /* Debug */,
				DE8F716520FDA5AE00D3C0D4 /* Release */,
			);
			defaultConfigurationIsVisible = 0;
			defaultConfigurationName = Release;
		};
		DE8F716620FDA5AE00D3C0D4 /* Build configuration list for PBXNativeTarget "iData" */ = {
			isa = XCConfigurationList;
			buildConfigurations = (
				DE8F716720FDA5AE00D3C0D4 /* Debug */,
				DE8F716820FDA5AE00D3C0D4 /* Release */,
			);
			defaultConfigurationIsVisible = 0;
			defaultConfigurationName = Release;
		};
		DE8F716920FDA5AE00D3C0D4 /* Build configuration list for PBXNativeTarget "iDataTests" */ = {
			isa = XCConfigurationList;
			buildConfigurations = (
				DE8F716A20FDA5AE00D3C0D4 /* Debug */,
				DE8F716B20FDA5AE00D3C0D4 /* Release */,
			);
			defaultConfigurationIsVisible = 0;
			defaultConfigurationName = Release;
		};
		DE8F716C20FDA5AE00D3C0D4 /* Build configuration list for PBXNativeTarget "iDataUITests" */ = {
			isa = XCConfigurationList;
			buildConfigurations = (
				DE8F716D20FDA5AE00D3C0D4 /* Debug */,
				DE8F716E20FDA5AE00D3C0D4 /* Release */,
			);
			defaultConfigurationIsVisible = 0;
			defaultConfigurationName = Release;
		};
/* End XCConfigurationList section */
	};
	rootObject = DE8F713420FDA5AC00D3C0D4 /* Project object */;
}
